// !$*UTF8*$!
{
	archiveVersion = 1;
	classes = {
	};
	objectVersion = 56;
	objects = {

/* Begin PBXBuildFile section */
		B3878BD62A8AD22F00EE5EAB /* AppDelegate.swift in Sources */ = {isa = PBXBuildFile; fileRef = B3878BD52A8AD22F00EE5EAB /* AppDelegate.swift */; };
		B3878BD82A8AD22F00EE5EAB /* SceneDelegate.swift in Sources */ = {isa = PBXBuildFile; fileRef = B3878BD72A8AD22F00EE5EAB /* SceneDelegate.swift */; };
		B3878BDB2A8AD22F00EE5EAB /* LaunchScreen.storyboard in Resources */ = {isa = PBXBuildFile; fileRef = B3878BD92A8AD22F00EE5EAB /* LaunchScreen.storyboard */; };
		B3878BDE2A8AD22F00EE5EAB /* Main.storyboard in Resources */ = {isa = PBXBuildFile; fileRef = B3878BDC2A8AD22F00EE5EAB /* Main.storyboard */; };
		B3878BE72A8AD22F00EE5EAB /* AppDelegate.swift in Sources */ = {isa = PBXBuildFile; fileRef = B3878BE62A8AD22F00EE5EAB /* AppDelegate.swift */; };
		B3878BEA2A8AD22F00EE5EAB /* Main.storyboard in Resources */ = {isa = PBXBuildFile; fileRef = B3878BE82A8AD22F00EE5EAB /* Main.storyboard */; };
		B3878BF22A8AD22F00EE5EAB /* eClass confetti Extension.appex in Embed Foundation Extensions */ = {isa = PBXBuildFile; fileRef = B3878BF12A8AD22F00EE5EAB /* eClass confetti Extension.appex */; settings = {ATTRIBUTES = (RemoveHeadersOnCopy, ); }; };
		B3878BFC2A8AD22F00EE5EAB /* eClass confetti Extension.appex in Embed Foundation Extensions */ = {isa = PBXBuildFile; fileRef = B3878BFB2A8AD22F00EE5EAB /* eClass confetti Extension.appex */; settings = {ATTRIBUTES = (RemoveHeadersOnCopy, ); }; };
		B3878C022A8AD22F00EE5EAB /* Main.html in Resources */ = {isa = PBXBuildFile; fileRef = B3878BC52A8AD22A00EE5EAB /* Main.html */; };
		B3878C032A8AD22F00EE5EAB /* Main.html in Resources */ = {isa = PBXBuildFile; fileRef = B3878BC52A8AD22A00EE5EAB /* Main.html */; };
		B3878C042A8AD22F00EE5EAB /* Icon.png in Resources */ = {isa = PBXBuildFile; fileRef = B3878BC72A8AD22A00EE5EAB /* Icon.png */; };
		B3878C052A8AD22F00EE5EAB /* Icon.png in Resources */ = {isa = PBXBuildFile; fileRef = B3878BC72A8AD22A00EE5EAB /* Icon.png */; };
		B3878C062A8AD22F00EE5EAB /* Style.css in Resources */ = {isa = PBXBuildFile; fileRef = B3878BC82A8AD22A00EE5EAB /* Style.css */; };
		B3878C072A8AD22F00EE5EAB /* Style.css in Resources */ = {isa = PBXBuildFile; fileRef = B3878BC82A8AD22A00EE5EAB /* Style.css */; };
		B3878C082A8AD22F00EE5EAB /* Script.js in Resources */ = {isa = PBXBuildFile; fileRef = B3878BC92A8AD22A00EE5EAB /* Script.js */; };
		B3878C092A8AD22F00EE5EAB /* Script.js in Resources */ = {isa = PBXBuildFile; fileRef = B3878BC92A8AD22A00EE5EAB /* Script.js */; };
		B3878C0A2A8AD22F00EE5EAB /* ViewController.swift in Sources */ = {isa = PBXBuildFile; fileRef = B3878BCA2A8AD22A00EE5EAB /* ViewController.swift */; };
		B3878C0B2A8AD22F00EE5EAB /* ViewController.swift in Sources */ = {isa = PBXBuildFile; fileRef = B3878BCA2A8AD22A00EE5EAB /* ViewController.swift */; };
		B3878C0C2A8AD22F00EE5EAB /* Assets.xcassets in Resources */ = {isa = PBXBuildFile; fileRef = B3878BCB2A8AD22F00EE5EAB /* Assets.xcassets */; };
		B3878C0D2A8AD22F00EE5EAB /* Assets.xcassets in Resources */ = {isa = PBXBuildFile; fileRef = B3878BCB2A8AD22F00EE5EAB /* Assets.xcassets */; };
		B3878C0E2A8AD22F00EE5EAB /* SafariWebExtensionHandler.swift in Sources */ = {isa = PBXBuildFile; fileRef = B3878BCD2A8AD22F00EE5EAB /* SafariWebExtensionHandler.swift */; };
		B3878C0F2A8AD22F00EE5EAB /* SafariWebExtensionHandler.swift in Sources */ = {isa = PBXBuildFile; fileRef = B3878BCD2A8AD22F00EE5EAB /* SafariWebExtensionHandler.swift */; };
		B3878C2B2A8AD22F00EE5EAB /* confetti.js in Resources */ = {isa = PBXBuildFile; fileRef = B3878C212A8AD22F00EE5EAB /* confetti.js */; };
		B3878C2C2A8AD22F00EE5EAB /* popup in Resources */ = {isa = PBXBuildFile; fileRef = B3878C222A8AD22F00EE5EAB /* popup */; };
		B3878C2D2A8AD22F00EE5EAB /* res in Resources */ = {isa = PBXBuildFile; fileRef = B3878C232A8AD22F00EE5EAB /* res */; };
		B3878C2E2A8AD22F00EE5EAB /* LICENSE in Resources */ = {isa = PBXBuildFile; fileRef = B3878C242A8AD22F00EE5EAB /* LICENSE */; };
		B3878C2F2A8AD22F00EE5EAB /* background.js in Resources */ = {isa = PBXBuildFile; fileRef = B3878C252A8AD22F00EE5EAB /* background.js */; };
		B3878C302A8AD22F00EE5EAB /* publish.sh in Resources */ = {isa = PBXBuildFile; fileRef = B3878C262A8AD22F00EE5EAB /* publish.sh */; };
		B3878C312A8AD22F00EE5EAB /* README.md in Resources */ = {isa = PBXBuildFile; fileRef = B3878C272A8AD22F00EE5EAB /* README.md */; };
		B3878C322A8AD22F00EE5EAB /* CONTRIBUTING.md in Resources */ = {isa = PBXBuildFile; fileRef = B3878C282A8AD22F00EE5EAB /* CONTRIBUTING.md */; };
		B3878C332A8AD22F00EE5EAB /* manifest.json in Resources */ = {isa = PBXBuildFile; fileRef = B3878C292A8AD22F00EE5EAB /* manifest.json */; };
		B3878C342A8AD22F00EE5EAB /* content.js in Resources */ = {isa = PBXBuildFile; fileRef = B3878C2A2A8AD22F00EE5EAB /* content.js */; };
		B3878C352A8AD22F00EE5EAB /* confetti.js in Resources */ = {isa = PBXBuildFile; fileRef = B3878C212A8AD22F00EE5EAB /* confetti.js */; };
		B3878C362A8AD22F00EE5EAB /* popup in Resources */ = {isa = PBXBuildFile; fileRef = B3878C222A8AD22F00EE5EAB /* popup */; };
		B3878C372A8AD22F00EE5EAB /* res in Resources */ = {isa = PBXBuildFile; fileRef = B3878C232A8AD22F00EE5EAB /* res */; };
		B3878C382A8AD22F00EE5EAB /* LICENSE in Resources */ = {isa = PBXBuildFile; fileRef = B3878C242A8AD22F00EE5EAB /* LICENSE */; };
		B3878C392A8AD22F00EE5EAB /* background.js in Resources */ = {isa = PBXBuildFile; fileRef = B3878C252A8AD22F00EE5EAB /* background.js */; };
		B3878C3A2A8AD22F00EE5EAB /* publish.sh in Resources */ = {isa = PBXBuildFile; fileRef = B3878C262A8AD22F00EE5EAB /* publish.sh */; };
		B3878C3B2A8AD22F00EE5EAB /* README.md in Resources */ = {isa = PBXBuildFile; fileRef = B3878C272A8AD22F00EE5EAB /* README.md */; };
		B3878C3C2A8AD22F00EE5EAB /* CONTRIBUTING.md in Resources */ = {isa = PBXBuildFile; fileRef = B3878C282A8AD22F00EE5EAB /* CONTRIBUTING.md */; };
		B3878C3D2A8AD22F00EE5EAB /* manifest.json in Resources */ = {isa = PBXBuildFile; fileRef = B3878C292A8AD22F00EE5EAB /* manifest.json */; };
		B3878C3E2A8AD22F00EE5EAB /* content.js in Resources */ = {isa = PBXBuildFile; fileRef = B3878C2A2A8AD22F00EE5EAB /* content.js */; };
/* End PBXBuildFile section */

/* Begin PBXContainerItemProxy section */
		B3878BF32A8AD22F00EE5EAB /* PBXContainerItemProxy */ = {
			isa = PBXContainerItemProxy;
			containerPortal = B3878BBF2A8AD22A00EE5EAB /* Project object */;
			proxyType = 1;
			remoteGlobalIDString = B3878BF02A8AD22F00EE5EAB;
			remoteInfo = "eClass confetti Extension (iOS)";
		};
		B3878BFD2A8AD22F00EE5EAB /* PBXContainerItemProxy */ = {
			isa = PBXContainerItemProxy;
			containerPortal = B3878BBF2A8AD22A00EE5EAB /* Project object */;
			proxyType = 1;
			remoteGlobalIDString = B3878BFA2A8AD22F00EE5EAB;
			remoteInfo = "eClass confetti Extension (macOS)";
		};
/* End PBXContainerItemProxy section */

/* Begin PBXCopyFilesBuildPhase section */
		B3878C152A8AD22F00EE5EAB /* Embed Foundation Extensions */ = {
			isa = PBXCopyFilesBuildPhase;
			buildActionMask = 2147483647;
			dstPath = "";
			dstSubfolderSpec = 13;
			files = (
				B3878BF22A8AD22F00EE5EAB /* eClass confetti Extension.appex in Embed Foundation Extensions */,
			);
			name = "Embed Foundation Extensions";
			runOnlyForDeploymentPostprocessing = 0;
		};
		B3878C1C2A8AD22F00EE5EAB /* Embed Foundation Extensions */ = {
			isa = PBXCopyFilesBuildPhase;
			buildActionMask = 2147483647;
			dstPath = "";
			dstSubfolderSpec = 13;
			files = (
				B3878BFC2A8AD22F00EE5EAB /* eClass confetti Extension.appex in Embed Foundation Extensions */,
			);
			name = "Embed Foundation Extensions";
			runOnlyForDeploymentPostprocessing = 0;
		};
/* End PBXCopyFilesBuildPhase section */

/* Begin PBXFileReference section */
		B3878BC62A8AD22A00EE5EAB /* Base */ = {isa = PBXFileReference; lastKnownFileType = text.html; name = Base; path = ../Base.lproj/Main.html; sourceTree = "<group>"; };
		B3878BC72A8AD22A00EE5EAB /* Icon.png */ = {isa = PBXFileReference; lastKnownFileType = image.png; path = Icon.png; sourceTree = "<group>"; };
		B3878BC82A8AD22A00EE5EAB /* Style.css */ = {isa = PBXFileReference; lastKnownFileType = text.css; path = Style.css; sourceTree = "<group>"; };
		B3878BC92A8AD22A00EE5EAB /* Script.js */ = {isa = PBXFileReference; lastKnownFileType = sourcecode.javascript; path = Script.js; sourceTree = "<group>"; };
		B3878BCA2A8AD22A00EE5EAB /* ViewController.swift */ = {isa = PBXFileReference; lastKnownFileType = sourcecode.swift; path = ViewController.swift; sourceTree = "<group>"; };
		B3878BCB2A8AD22F00EE5EAB /* Assets.xcassets */ = {isa = PBXFileReference; lastKnownFileType = folder.assetcatalog; path = Assets.xcassets; sourceTree = "<group>"; };
		B3878BCD2A8AD22F00EE5EAB /* SafariWebExtensionHandler.swift */ = {isa = PBXFileReference; lastKnownFileType = sourcecode.swift; path = SafariWebExtensionHandler.swift; sourceTree = "<group>"; };
		B3878BD22A8AD22F00EE5EAB /* eClass confetti.app */ = {isa = PBXFileReference; explicitFileType = wrapper.application; includeInIndex = 0; path = "eClass confetti.app"; sourceTree = BUILT_PRODUCTS_DIR; };
		B3878BD52A8AD22F00EE5EAB /* AppDelegate.swift */ = {isa = PBXFileReference; lastKnownFileType = sourcecode.swift; path = AppDelegate.swift; sourceTree = "<group>"; };
		B3878BD72A8AD22F00EE5EAB /* SceneDelegate.swift */ = {isa = PBXFileReference; lastKnownFileType = sourcecode.swift; path = SceneDelegate.swift; sourceTree = "<group>"; };
		B3878BDA2A8AD22F00EE5EAB /* Base */ = {isa = PBXFileReference; lastKnownFileType = file.storyboard; name = Base; path = Base.lproj/LaunchScreen.storyboard; sourceTree = "<group>"; };
		B3878BDD2A8AD22F00EE5EAB /* Base */ = {isa = PBXFileReference; lastKnownFileType = file.storyboard; name = Base; path = Base.lproj/Main.storyboard; sourceTree = "<group>"; };
		B3878BDF2A8AD22F00EE5EAB /* Info.plist */ = {isa = PBXFileReference; lastKnownFileType = text.plist.xml; path = Info.plist; sourceTree = "<group>"; };
		B3878BE42A8AD22F00EE5EAB /* eClass confetti.app */ = {isa = PBXFileReference; explicitFileType = wrapper.application; includeInIndex = 0; path = "eClass confetti.app"; sourceTree = BUILT_PRODUCTS_DIR; };
		B3878BE62A8AD22F00EE5EAB /* AppDelegate.swift */ = {isa = PBXFileReference; lastKnownFileType = sourcecode.swift; path = AppDelegate.swift; sourceTree = "<group>"; };
		B3878BE92A8AD22F00EE5EAB /* Base */ = {isa = PBXFileReference; lastKnownFileType = file.storyboard; name = Base; path = Base.lproj/Main.storyboard; sourceTree = "<group>"; };
		B3878BEB2A8AD22F00EE5EAB /* Info.plist */ = {isa = PBXFileReference; lastKnownFileType = text.plist.xml; path = Info.plist; sourceTree = "<group>"; };
		B3878BEC2A8AD22F00EE5EAB /* eClass confetti.entitlements */ = {isa = PBXFileReference; lastKnownFileType = text.plist.entitlements; path = "eClass confetti.entitlements"; sourceTree = "<group>"; };
		B3878BF12A8AD22F00EE5EAB /* eClass confetti Extension.appex */ = {isa = PBXFileReference; explicitFileType = "wrapper.app-extension"; includeInIndex = 0; path = "eClass confetti Extension.appex"; sourceTree = BUILT_PRODUCTS_DIR; };
		B3878BF62A8AD22F00EE5EAB /* Info.plist */ = {isa = PBXFileReference; lastKnownFileType = text.plist.xml; path = Info.plist; sourceTree = "<group>"; };
		B3878BFB2A8AD22F00EE5EAB /* eClass confetti Extension.appex */ = {isa = PBXFileReference; explicitFileType = "wrapper.app-extension"; includeInIndex = 0; path = "eClass confetti Extension.appex"; sourceTree = BUILT_PRODUCTS_DIR; };
		B3878C002A8AD22F00EE5EAB /* Info.plist */ = {isa = PBXFileReference; lastKnownFileType = text.plist.xml; path = Info.plist; sourceTree = "<group>"; };
		B3878C012A8AD22F00EE5EAB /* eClass confetti.entitlements */ = {isa = PBXFileReference; lastKnownFileType = text.plist.entitlements; path = "eClass confetti.entitlements"; sourceTree = "<group>"; };
		B3878C212A8AD22F00EE5EAB /* confetti.js */ = {isa = PBXFileReference; lastKnownFileType = sourcecode.javascript; name = confetti.js; path = "../../Documents/Programming.nosync/JSProject/eclass-confetti/confetti.js"; sourceTree = "<group>"; };
		B3878C222A8AD22F00EE5EAB /* popup */ = {isa = PBXFileReference; lastKnownFileType = folder; name = popup; path = "../../Documents/Programming.nosync/JSProject/eclass-confetti/popup"; sourceTree = "<group>"; };
		B3878C232A8AD22F00EE5EAB /* res */ = {isa = PBXFileReference; lastKnownFileType = folder; name = res; path = "../../Documents/Programming.nosync/JSProject/eclass-confetti/res"; sourceTree = "<group>"; };
		B3878C242A8AD22F00EE5EAB /* LICENSE */ = {isa = PBXFileReference; lastKnownFileType = text; name = LICENSE; path = "../../Documents/Programming.nosync/JSProject/eclass-confetti/LICENSE"; sourceTree = "<group>"; };
		B3878C252A8AD22F00EE5EAB /* background.js */ = {isa = PBXFileReference; lastKnownFileType = sourcecode.javascript; name = background.js; path = "../../Documents/Programming.nosync/JSProject/eclass-confetti/background.js"; sourceTree = "<group>"; };
		B3878C262A8AD22F00EE5EAB /* publish.sh */ = {isa = PBXFileReference; lastKnownFileType = text.script.sh; name = publish.sh; path = "../../Documents/Programming.nosync/JSProject/eclass-confetti/publish.sh"; sourceTree = "<group>"; };
		B3878C272A8AD22F00EE5EAB /* README.md */ = {isa = PBXFileReference; lastKnownFileType = net.daringfireball.markdown; name = README.md; path = "../../Documents/Programming.nosync/JSProject/eclass-confetti/README.md"; sourceTree = "<group>"; };
		B3878C282A8AD22F00EE5EAB /* CONTRIBUTING.md */ = {isa = PBXFileReference; lastKnownFileType = net.daringfireball.markdown; name = CONTRIBUTING.md; path = "../../Documents/Programming.nosync/JSProject/eclass-confetti/CONTRIBUTING.md"; sourceTree = "<group>"; };
		B3878C292A8AD22F00EE5EAB /* manifest.json */ = {isa = PBXFileReference; lastKnownFileType = text.json; name = manifest.json; path = "../../Documents/Programming.nosync/JSProject/eclass-confetti/manifest.json"; sourceTree = "<group>"; };
		B3878C2A2A8AD22F00EE5EAB /* content.js */ = {isa = PBXFileReference; lastKnownFileType = sourcecode.javascript; name = content.js; path = "../../Documents/Programming.nosync/JSProject/eclass-confetti/content.js"; sourceTree = "<group>"; };
/* End PBXFileReference section */

/* Begin PBXFrameworksBuildPhase section */
		B3878BCF2A8AD22F00EE5EAB /* Frameworks */ = {
			isa = PBXFrameworksBuildPhase;
			buildActionMask = 2147483647;
			files = (
			);
			runOnlyForDeploymentPostprocessing = 0;
		};
		B3878BE12A8AD22F00EE5EAB /* Frameworks */ = {
			isa = PBXFrameworksBuildPhase;
			buildActionMask = 2147483647;
			files = (
			);
			runOnlyForDeploymentPostprocessing = 0;
		};
		B3878BEE2A8AD22F00EE5EAB /* Frameworks */ = {
			isa = PBXFrameworksBuildPhase;
			buildActionMask = 2147483647;
			files = (
			);
			runOnlyForDeploymentPostprocessing = 0;
		};
		B3878BF82A8AD22F00EE5EAB /* Frameworks */ = {
			isa = PBXFrameworksBuildPhase;
			buildActionMask = 2147483647;
			files = (
			);
			runOnlyForDeploymentPostprocessing = 0;
		};
/* End PBXFrameworksBuildPhase section */

/* Begin PBXGroup section */
		B3878BBE2A8AD22A00EE5EAB = {
			isa = PBXGroup;
			children = (
				B3878BC32A8AD22A00EE5EAB /* Shared (App) */,
				B3878BCC2A8AD22F00EE5EAB /* Shared (Extension) */,
				B3878BD42A8AD22F00EE5EAB /* iOS (App) */,
				B3878BE52A8AD22F00EE5EAB /* macOS (App) */,
				B3878BF52A8AD22F00EE5EAB /* iOS (Extension) */,
				B3878BFF2A8AD22F00EE5EAB /* macOS (Extension) */,
				B3878BD32A8AD22F00EE5EAB /* Products */,
			);
			sourceTree = "<group>";
		};
		B3878BC32A8AD22A00EE5EAB /* Shared (App) */ = {
			isa = PBXGroup;
			children = (
				B3878BCA2A8AD22A00EE5EAB /* ViewController.swift */,
				B3878BCB2A8AD22F00EE5EAB /* Assets.xcassets */,
				B3878BC42A8AD22A00EE5EAB /* Resources */,
			);
			path = "Shared (App)";
			sourceTree = "<group>";
		};
		B3878BC42A8AD22A00EE5EAB /* Resources */ = {
			isa = PBXGroup;
			children = (
				B3878BC52A8AD22A00EE5EAB /* Main.html */,
				B3878BC72A8AD22A00EE5EAB /* Icon.png */,
				B3878BC82A8AD22A00EE5EAB /* Style.css */,
				B3878BC92A8AD22A00EE5EAB /* Script.js */,
			);
			path = Resources;
			sourceTree = "<group>";
		};
		B3878BCC2A8AD22F00EE5EAB /* Shared (Extension) */ = {
			isa = PBXGroup;
			children = (
				B3878C202A8AD22F00EE5EAB /* Resources */,
				B3878BCD2A8AD22F00EE5EAB /* SafariWebExtensionHandler.swift */,
			);
			path = "Shared (Extension)";
			sourceTree = "<group>";
		};
		B3878BD32A8AD22F00EE5EAB /* Products */ = {
			isa = PBXGroup;
			children = (
				B3878BD22A8AD22F00EE5EAB /* eClass confetti.app */,
				B3878BE42A8AD22F00EE5EAB /* eClass confetti.app */,
				B3878BF12A8AD22F00EE5EAB /* eClass confetti Extension.appex */,
				B3878BFB2A8AD22F00EE5EAB /* eClass confetti Extension.appex */,
			);
			name = Products;
			sourceTree = "<group>";
		};
		B3878BD42A8AD22F00EE5EAB /* iOS (App) */ = {
			isa = PBXGroup;
			children = (
				B3878BD52A8AD22F00EE5EAB /* AppDelegate.swift */,
				B3878BD72A8AD22F00EE5EAB /* SceneDelegate.swift */,
				B3878BD92A8AD22F00EE5EAB /* LaunchScreen.storyboard */,
				B3878BDC2A8AD22F00EE5EAB /* Main.storyboard */,
				B3878BDF2A8AD22F00EE5EAB /* Info.plist */,
			);
			path = "iOS (App)";
			sourceTree = "<group>";
		};
		B3878BE52A8AD22F00EE5EAB /* macOS (App) */ = {
			isa = PBXGroup;
			children = (
				B3878BE62A8AD22F00EE5EAB /* AppDelegate.swift */,
				B3878BE82A8AD22F00EE5EAB /* Main.storyboard */,
				B3878BEB2A8AD22F00EE5EAB /* Info.plist */,
				B3878BEC2A8AD22F00EE5EAB /* eClass confetti.entitlements */,
			);
			path = "macOS (App)";
			sourceTree = "<group>";
		};
		B3878BF52A8AD22F00EE5EAB /* iOS (Extension) */ = {
			isa = PBXGroup;
			children = (
				B3878BF62A8AD22F00EE5EAB /* Info.plist */,
			);
			path = "iOS (Extension)";
			sourceTree = "<group>";
		};
		B3878BFF2A8AD22F00EE5EAB /* macOS (Extension) */ = {
			isa = PBXGroup;
			children = (
				B3878C002A8AD22F00EE5EAB /* Info.plist */,
				B3878C012A8AD22F00EE5EAB /* eClass confetti.entitlements */,
			);
			path = "macOS (Extension)";
			sourceTree = "<group>";
		};
		B3878C202A8AD22F00EE5EAB /* Resources */ = {
			isa = PBXGroup;
			children = (
				B3878C212A8AD22F00EE5EAB /* confetti.js */,
				B3878C222A8AD22F00EE5EAB /* popup */,
				B3878C232A8AD22F00EE5EAB /* res */,
				B3878C242A8AD22F00EE5EAB /* LICENSE */,
				B3878C252A8AD22F00EE5EAB /* background.js */,
				B3878C262A8AD22F00EE5EAB /* publish.sh */,
				B3878C272A8AD22F00EE5EAB /* README.md */,
				B3878C282A8AD22F00EE5EAB /* CONTRIBUTING.md */,
				B3878C292A8AD22F00EE5EAB /* manifest.json */,
				B3878C2A2A8AD22F00EE5EAB /* content.js */,
			);
			name = Resources;
			path = "Shared (Extension)";
			sourceTree = SOURCE_ROOT;
		};
/* End PBXGroup section */

/* Begin PBXNativeTarget section */
		B3878BD12A8AD22F00EE5EAB /* eClass confetti (iOS) */ = {
			isa = PBXNativeTarget;
			buildConfigurationList = B3878C162A8AD22F00EE5EAB /* Build configuration list for PBXNativeTarget "eClass confetti (iOS)" */;
			buildPhases = (
				B3878BCE2A8AD22F00EE5EAB /* Sources */,
				B3878BCF2A8AD22F00EE5EAB /* Frameworks */,
				B3878BD02A8AD22F00EE5EAB /* Resources */,
				B3878C152A8AD22F00EE5EAB /* Embed Foundation Extensions */,
			);
			buildRules = (
			);
			dependencies = (
				B3878BF42A8AD22F00EE5EAB /* PBXTargetDependency */,
			);
			name = "eClass confetti (iOS)";
			productName = "eClass confetti (iOS)";
			productReference = B3878BD22A8AD22F00EE5EAB /* eClass confetti.app */;
			productType = "com.apple.product-type.application";
		};
		B3878BE32A8AD22F00EE5EAB /* eClass confetti (macOS) */ = {
			isa = PBXNativeTarget;
			buildConfigurationList = B3878C1D2A8AD22F00EE5EAB /* Build configuration list for PBXNativeTarget "eClass confetti (macOS)" */;
			buildPhases = (
				B3878BE02A8AD22F00EE5EAB /* Sources */,
				B3878BE12A8AD22F00EE5EAB /* Frameworks */,
				B3878BE22A8AD22F00EE5EAB /* Resources */,
				B3878C1C2A8AD22F00EE5EAB /* Embed Foundation Extensions */,
			);
			buildRules = (
			);
			dependencies = (
				B3878BFE2A8AD22F00EE5EAB /* PBXTargetDependency */,
			);
			name = "eClass confetti (macOS)";
			productName = "eClass confetti (macOS)";
			productReference = B3878BE42A8AD22F00EE5EAB /* eClass confetti.app */;
			productType = "com.apple.product-type.application";
		};
		B3878BF02A8AD22F00EE5EAB /* eClass confetti Extension (iOS) */ = {
			isa = PBXNativeTarget;
			buildConfigurationList = B3878C122A8AD22F00EE5EAB /* Build configuration list for PBXNativeTarget "eClass confetti Extension (iOS)" */;
			buildPhases = (
				B3878BED2A8AD22F00EE5EAB /* Sources */,
				B3878BEE2A8AD22F00EE5EAB /* Frameworks */,
				B3878BEF2A8AD22F00EE5EAB /* Resources */,
			);
			buildRules = (
			);
			dependencies = (
			);
			name = "eClass confetti Extension (iOS)";
			productName = "eClass confetti Extension (iOS)";
			productReference = B3878BF12A8AD22F00EE5EAB /* eClass confetti Extension.appex */;
			productType = "com.apple.product-type.app-extension";
		};
		B3878BFA2A8AD22F00EE5EAB /* eClass confetti Extension (macOS) */ = {
			isa = PBXNativeTarget;
			buildConfigurationList = B3878C192A8AD22F00EE5EAB /* Build configuration list for PBXNativeTarget "eClass confetti Extension (macOS)" */;
			buildPhases = (
				B3878BF72A8AD22F00EE5EAB /* Sources */,
				B3878BF82A8AD22F00EE5EAB /* Frameworks */,
				B3878BF92A8AD22F00EE5EAB /* Resources */,
			);
			buildRules = (
			);
			dependencies = (
			);
			name = "eClass confetti Extension (macOS)";
			productName = "eClass confetti Extension (macOS)";
			productReference = B3878BFB2A8AD22F00EE5EAB /* eClass confetti Extension.appex */;
			productType = "com.apple.product-type.app-extension";
		};
/* End PBXNativeTarget section */

/* Begin PBXProject section */
		B3878BBF2A8AD22A00EE5EAB /* Project object */ = {
			isa = PBXProject;
			attributes = {
				BuildIndependentTargetsInParallel = 1;
				LastSwiftUpdateCheck = 1430;
				LastUpgradeCheck = 1430;
				TargetAttributes = {
					B3878BD12A8AD22F00EE5EAB = {
						CreatedOnToolsVersion = 14.3.1;
					};
					B3878BE32A8AD22F00EE5EAB = {
						CreatedOnToolsVersion = 14.3.1;
					};
					B3878BF02A8AD22F00EE5EAB = {
						CreatedOnToolsVersion = 14.3.1;
					};
					B3878BFA2A8AD22F00EE5EAB = {
						CreatedOnToolsVersion = 14.3.1;
					};
				};
			};
			buildConfigurationList = B3878BC22A8AD22A00EE5EAB /* Build configuration list for PBXProject "eClass confetti" */;
			compatibilityVersion = "Xcode 14.0";
			developmentRegion = en;
			hasScannedForEncodings = 0;
			knownRegions = (
				en,
				Base,
			);
			mainGroup = B3878BBE2A8AD22A00EE5EAB;
			productRefGroup = B3878BD32A8AD22F00EE5EAB /* Products */;
			projectDirPath = "";
			projectRoot = "";
			targets = (
				B3878BD12A8AD22F00EE5EAB /* eClass confetti (iOS) */,
				B3878BE32A8AD22F00EE5EAB /* eClass confetti (macOS) */,
				B3878BF02A8AD22F00EE5EAB /* eClass confetti Extension (iOS) */,
				B3878BFA2A8AD22F00EE5EAB /* eClass confetti Extension (macOS) */,
			);
		};
/* End PBXProject section */

/* Begin PBXResourcesBuildPhase section */
		B3878BD02A8AD22F00EE5EAB /* Resources */ = {
			isa = PBXResourcesBuildPhase;
			buildActionMask = 2147483647;
			files = (
				B3878C042A8AD22F00EE5EAB /* Icon.png in Resources */,
				B3878BDB2A8AD22F00EE5EAB /* LaunchScreen.storyboard in Resources */,
				B3878C022A8AD22F00EE5EAB /* Main.html in Resources */,
				B3878C082A8AD22F00EE5EAB /* Script.js in Resources */,
				B3878C0C2A8AD22F00EE5EAB /* Assets.xcassets in Resources */,
				B3878BDE2A8AD22F00EE5EAB /* Main.storyboard in Resources */,
				B3878C062A8AD22F00EE5EAB /* Style.css in Resources */,
			);
			runOnlyForDeploymentPostprocessing = 0;
		};
		B3878BE22A8AD22F00EE5EAB /* Resources */ = {
			isa = PBXResourcesBuildPhase;
			buildActionMask = 2147483647;
			files = (
				B3878C052A8AD22F00EE5EAB /* Icon.png in Resources */,
				B3878C072A8AD22F00EE5EAB /* Style.css in Resources */,
				B3878BEA2A8AD22F00EE5EAB /* Main.storyboard in Resources */,
				B3878C092A8AD22F00EE5EAB /* Script.js in Resources */,
				B3878C0D2A8AD22F00EE5EAB /* Assets.xcassets in Resources */,
				B3878C032A8AD22F00EE5EAB /* Main.html in Resources */,
			);
			runOnlyForDeploymentPostprocessing = 0;
		};
		B3878BEF2A8AD22F00EE5EAB /* Resources */ = {
			isa = PBXResourcesBuildPhase;
			buildActionMask = 2147483647;
			files = (
				B3878C372A8AD22F00EE5EAB /* res in Resources */,
				B3878C352A8AD22F00EE5EAB /* confetti.js in Resources */,
				B3878C382A8AD22F00EE5EAB /* LICENSE in Resources */,
				B3878C3B2A8AD22F00EE5EAB /* README.md in Resources */,
				B3878C3E2A8AD22F00EE5EAB /* content.js in Resources */,
				B3878C3D2A8AD22F00EE5EAB /* manifest.json in Resources */,
				B3878C362A8AD22F00EE5EAB /* popup in Resources */,
				B3878C3A2A8AD22F00EE5EAB /* publish.sh in Resources */,
				B3878C3C2A8AD22F00EE5EAB /* CONTRIBUTING.md in Resources */,
				B3878C392A8AD22F00EE5EAB /* background.js in Resources */,
			);
			runOnlyForDeploymentPostprocessing = 0;
		};
		B3878BF92A8AD22F00EE5EAB /* Resources */ = {
			isa = PBXResourcesBuildPhase;
			buildActionMask = 2147483647;
			files = (
				B3878C2D2A8AD22F00EE5EAB /* res in Resources */,
				B3878C2B2A8AD22F00EE5EAB /* confetti.js in Resources */,
				B3878C2E2A8AD22F00EE5EAB /* LICENSE in Resources */,
				B3878C312A8AD22F00EE5EAB /* README.md in Resources */,
				B3878C342A8AD22F00EE5EAB /* content.js in Resources */,
				B3878C332A8AD22F00EE5EAB /* manifest.json in Resources */,
				B3878C2C2A8AD22F00EE5EAB /* popup in Resources */,
				B3878C302A8AD22F00EE5EAB /* publish.sh in Resources */,
				B3878C322A8AD22F00EE5EAB /* CONTRIBUTING.md in Resources */,
				B3878C2F2A8AD22F00EE5EAB /* background.js in Resources */,
			);
			runOnlyForDeploymentPostprocessing = 0;
		};
/* End PBXResourcesBuildPhase section */

/* Begin PBXSourcesBuildPhase section */
		B3878BCE2A8AD22F00EE5EAB /* Sources */ = {
			isa = PBXSourcesBuildPhase;
			buildActionMask = 2147483647;
			files = (
				B3878C0A2A8AD22F00EE5EAB /* ViewController.swift in Sources */,
				B3878BD62A8AD22F00EE5EAB /* AppDelegate.swift in Sources */,
				B3878BD82A8AD22F00EE5EAB /* SceneDelegate.swift in Sources */,
			);
			runOnlyForDeploymentPostprocessing = 0;
		};
		B3878BE02A8AD22F00EE5EAB /* Sources */ = {
			isa = PBXSourcesBuildPhase;
			buildActionMask = 2147483647;
			files = (
				B3878C0B2A8AD22F00EE5EAB /* ViewController.swift in Sources */,
				B3878BE72A8AD22F00EE5EAB /* AppDelegate.swift in Sources */,
			);
			runOnlyForDeploymentPostprocessing = 0;
		};
		B3878BED2A8AD22F00EE5EAB /* Sources */ = {
			isa = PBXSourcesBuildPhase;
			buildActionMask = 2147483647;
			files = (
				B3878C0E2A8AD22F00EE5EAB /* SafariWebExtensionHandler.swift in Sources */,
			);
			runOnlyForDeploymentPostprocessing = 0;
		};
		B3878BF72A8AD22F00EE5EAB /* Sources */ = {
			isa = PBXSourcesBuildPhase;
			buildActionMask = 2147483647;
			files = (
				B3878C0F2A8AD22F00EE5EAB /* SafariWebExtensionHandler.swift in Sources */,
			);
			runOnlyForDeploymentPostprocessing = 0;
		};
/* End PBXSourcesBuildPhase section */

/* Begin PBXTargetDependency section */
		B3878BF42A8AD22F00EE5EAB /* PBXTargetDependency */ = {
			isa = PBXTargetDependency;
			target = B3878BF02A8AD22F00EE5EAB /* eClass confetti Extension (iOS) */;
			targetProxy = B3878BF32A8AD22F00EE5EAB /* PBXContainerItemProxy */;
		};
		B3878BFE2A8AD22F00EE5EAB /* PBXTargetDependency */ = {
			isa = PBXTargetDependency;
			target = B3878BFA2A8AD22F00EE5EAB /* eClass confetti Extension (macOS) */;
			targetProxy = B3878BFD2A8AD22F00EE5EAB /* PBXContainerItemProxy */;
		};
/* End PBXTargetDependency section */

/* Begin PBXVariantGroup section */
		B3878BC52A8AD22A00EE5EAB /* Main.html */ = {
			isa = PBXVariantGroup;
			children = (
				B3878BC62A8AD22A00EE5EAB /* Base */,
			);
			name = Main.html;
			sourceTree = "<group>";
		};
		B3878BD92A8AD22F00EE5EAB /* LaunchScreen.storyboard */ = {
			isa = PBXVariantGroup;
			children = (
				B3878BDA2A8AD22F00EE5EAB /* Base */,
			);
			name = LaunchScreen.storyboard;
			sourceTree = "<group>";
		};
		B3878BDC2A8AD22F00EE5EAB /* Main.storyboard */ = {
			isa = PBXVariantGroup;
			children = (
				B3878BDD2A8AD22F00EE5EAB /* Base */,
			);
			name = Main.storyboard;
			sourceTree = "<group>";
		};
		B3878BE82A8AD22F00EE5EAB /* Main.storyboard */ = {
			isa = PBXVariantGroup;
			children = (
				B3878BE92A8AD22F00EE5EAB /* Base */,
			);
			name = Main.storyboard;
			sourceTree = "<group>";
		};
/* End PBXVariantGroup section */

/* Begin XCBuildConfiguration section */
		B3878C102A8AD22F00EE5EAB /* Debug */ = {
			isa = XCBuildConfiguration;
			buildSettings = {
				ALWAYS_SEARCH_USER_PATHS = NO;
				CLANG_ANALYZER_NONNULL = YES;
				CLANG_ANALYZER_NUMBER_OBJECT_CONVERSION = YES_AGGRESSIVE;
				CLANG_CXX_LANGUAGE_STANDARD = "gnu++20";
				CLANG_ENABLE_MODULES = YES;
				CLANG_ENABLE_OBJC_ARC = YES;
				CLANG_ENABLE_OBJC_WEAK = YES;
				CLANG_WARN_BLOCK_CAPTURE_AUTORELEASING = YES;
				CLANG_WARN_BOOL_CONVERSION = YES;
				CLANG_WARN_COMMA = YES;
				CLANG_WARN_CONSTANT_CONVERSION = YES;
				CLANG_WARN_DEPRECATED_OBJC_IMPLEMENTATIONS = YES;
				CLANG_WARN_DIRECT_OBJC_ISA_USAGE = YES_ERROR;
				CLANG_WARN_DOCUMENTATION_COMMENTS = YES;
				CLANG_WARN_EMPTY_BODY = YES;
				CLANG_WARN_ENUM_CONVERSION = YES;
				CLANG_WARN_INFINITE_RECURSION = YES;
				CLANG_WARN_INT_CONVERSION = YES;
				CLANG_WARN_NON_LITERAL_NULL_CONVERSION = YES;
				CLANG_WARN_OBJC_IMPLICIT_RETAIN_SELF = YES;
				CLANG_WARN_OBJC_LITERAL_CONVERSION = YES;
				CLANG_WARN_OBJC_ROOT_CLASS = YES_ERROR;
				CLANG_WARN_QUOTED_INCLUDE_IN_FRAMEWORK_HEADER = YES;
				CLANG_WARN_RANGE_LOOP_ANALYSIS = YES;
				CLANG_WARN_STRICT_PROTOTYPES = YES;
				CLANG_WARN_SUSPICIOUS_MOVE = YES;
				CLANG_WARN_UNGUARDED_AVAILABILITY = YES_AGGRESSIVE;
				CLANG_WARN_UNREACHABLE_CODE = YES;
				CLANG_WARN__DUPLICATE_METHOD_MATCH = YES;
				COPY_PHASE_STRIP = NO;
				DEBUG_INFORMATION_FORMAT = dwarf;
				ENABLE_STRICT_OBJC_MSGSEND = YES;
				ENABLE_TESTABILITY = YES;
				GCC_C_LANGUAGE_STANDARD = gnu11;
				GCC_DYNAMIC_NO_PIC = NO;
				GCC_NO_COMMON_BLOCKS = YES;
				GCC_OPTIMIZATION_LEVEL = 0;
				GCC_PREPROCESSOR_DEFINITIONS = (
					"DEBUG=1",
					"$(inherited)",
				);
				GCC_WARN_64_TO_32_BIT_CONVERSION = YES;
				GCC_WARN_ABOUT_RETURN_TYPE = YES_ERROR;
				GCC_WARN_UNDECLARED_SELECTOR = YES;
				GCC_WARN_UNINITIALIZED_AUTOS = YES_AGGRESSIVE;
				GCC_WARN_UNUSED_FUNCTION = YES;
				GCC_WARN_UNUSED_VARIABLE = YES;
				MTL_ENABLE_DEBUG_INFO = INCLUDE_SOURCE;
				MTL_FAST_MATH = YES;
				ONLY_ACTIVE_ARCH = YES;
				SWIFT_ACTIVE_COMPILATION_CONDITIONS = DEBUG;
				SWIFT_OPTIMIZATION_LEVEL = "-Onone";
			};
			name = Debug;
		};
		B3878C112A8AD22F00EE5EAB /* Release */ = {
			isa = XCBuildConfiguration;
			buildSettings = {
				ALWAYS_SEARCH_USER_PATHS = NO;
				CLANG_ANALYZER_NONNULL = YES;
				CLANG_ANALYZER_NUMBER_OBJECT_CONVERSION = YES_AGGRESSIVE;
				CLANG_CXX_LANGUAGE_STANDARD = "gnu++20";
				CLANG_ENABLE_MODULES = YES;
				CLANG_ENABLE_OBJC_ARC = YES;
				CLANG_ENABLE_OBJC_WEAK = YES;
				CLANG_WARN_BLOCK_CAPTURE_AUTORELEASING = YES;
				CLANG_WARN_BOOL_CONVERSION = YES;
				CLANG_WARN_COMMA = YES;
				CLANG_WARN_CONSTANT_CONVERSION = YES;
				CLANG_WARN_DEPRECATED_OBJC_IMPLEMENTATIONS = YES;
				CLANG_WARN_DIRECT_OBJC_ISA_USAGE = YES_ERROR;
				CLANG_WARN_DOCUMENTATION_COMMENTS = YES;
				CLANG_WARN_EMPTY_BODY = YES;
				CLANG_WARN_ENUM_CONVERSION = YES;
				CLANG_WARN_INFINITE_RECURSION = YES;
				CLANG_WARN_INT_CONVERSION = YES;
				CLANG_WARN_NON_LITERAL_NULL_CONVERSION = YES;
				CLANG_WARN_OBJC_IMPLICIT_RETAIN_SELF = YES;
				CLANG_WARN_OBJC_LITERAL_CONVERSION = YES;
				CLANG_WARN_OBJC_ROOT_CLASS = YES_ERROR;
				CLANG_WARN_QUOTED_INCLUDE_IN_FRAMEWORK_HEADER = YES;
				CLANG_WARN_RANGE_LOOP_ANALYSIS = YES;
				CLANG_WARN_STRICT_PROTOTYPES = YES;
				CLANG_WARN_SUSPICIOUS_MOVE = YES;
				CLANG_WARN_UNGUARDED_AVAILABILITY = YES_AGGRESSIVE;
				CLANG_WARN_UNREACHABLE_CODE = YES;
				CLANG_WARN__DUPLICATE_METHOD_MATCH = YES;
				COPY_PHASE_STRIP = NO;
				DEBUG_INFORMATION_FORMAT = "dwarf-with-dsym";
				ENABLE_NS_ASSERTIONS = NO;
				ENABLE_STRICT_OBJC_MSGSEND = YES;
				GCC_C_LANGUAGE_STANDARD = gnu11;
				GCC_NO_COMMON_BLOCKS = YES;
				GCC_WARN_64_TO_32_BIT_CONVERSION = YES;
				GCC_WARN_ABOUT_RETURN_TYPE = YES_ERROR;
				GCC_WARN_UNDECLARED_SELECTOR = YES;
				GCC_WARN_UNINITIALIZED_AUTOS = YES_AGGRESSIVE;
				GCC_WARN_UNUSED_FUNCTION = YES;
				GCC_WARN_UNUSED_VARIABLE = YES;
				MTL_ENABLE_DEBUG_INFO = NO;
				MTL_FAST_MATH = YES;
				SWIFT_COMPILATION_MODE = wholemodule;
				SWIFT_OPTIMIZATION_LEVEL = "-O";
			};
			name = Release;
		};
		B3878C132A8AD22F00EE5EAB /* Debug */ = {
			isa = XCBuildConfiguration;
			buildSettings = {
				CODE_SIGN_STYLE = Automatic;
				CURRENT_PROJECT_VERSION = 1;
				GENERATE_INFOPLIST_FILE = YES;
				INFOPLIST_FILE = "iOS (Extension)/Info.plist";
				INFOPLIST_KEY_CFBundleDisplayName = "eClass confetti Extension";
				INFOPLIST_KEY_NSHumanReadableCopyright = "";
				IPHONEOS_DEPLOYMENT_TARGET = 15.0;
				LD_RUNPATH_SEARCH_PATHS = (
					"$(inherited)",
					"@executable_path/Frameworks",
					"@executable_path/../../Frameworks",
				);
				MARKETING_VERSION = 1.0;
				OTHER_LDFLAGS = (
					"-framework",
					SafariServices,
				);
				PRODUCT_BUNDLE_IDENTIFIER = "com.yourCompany.eClass-confetti.Extension";
				PRODUCT_NAME = "eClass confetti Extension";
				SDKROOT = iphoneos;
				SKIP_INSTALL = YES;
				SWIFT_EMIT_LOC_STRINGS = YES;
				SWIFT_VERSION = 5.0;
				TARGETED_DEVICE_FAMILY = "1,2";
			};
			name = Debug;
		};
		B3878C142A8AD22F00EE5EAB /* Release */ = {
			isa = XCBuildConfiguration;
			buildSettings = {
				CODE_SIGN_STYLE = Automatic;
				CURRENT_PROJECT_VERSION = 1;
				GENERATE_INFOPLIST_FILE = YES;
				INFOPLIST_FILE = "iOS (Extension)/Info.plist";
				INFOPLIST_KEY_CFBundleDisplayName = "eClass confetti Extension";
				INFOPLIST_KEY_NSHumanReadableCopyright = "";
				IPHONEOS_DEPLOYMENT_TARGET = 15.0;
				LD_RUNPATH_SEARCH_PATHS = (
					"$(inherited)",
					"@executable_path/Frameworks",
					"@executable_path/../../Frameworks",
				);
				MARKETING_VERSION = 1.0;
				OTHER_LDFLAGS = (
					"-framework",
					SafariServices,
				);
				PRODUCT_BUNDLE_IDENTIFIER = "com.yourCompany.eClass-confetti.Extension";
				PRODUCT_NAME = "eClass confetti Extension";
				SDKROOT = iphoneos;
				SKIP_INSTALL = YES;
				SWIFT_EMIT_LOC_STRINGS = YES;
				SWIFT_VERSION = 5.0;
				TARGETED_DEVICE_FAMILY = "1,2";
				VALIDATE_PRODUCT = YES;
			};
			name = Release;
		};
		B3878C172A8AD22F00EE5EAB /* Debug */ = {
			isa = XCBuildConfiguration;
			buildSettings = {
				ALWAYS_EMBED_SWIFT_STANDARD_LIBRARIES = YES;
				ASSETCATALOG_COMPILER_APPICON_NAME = AppIcon;
				ASSETCATALOG_COMPILER_GLOBAL_ACCENT_COLOR_NAME = AccentColor;
				CODE_SIGN_STYLE = Automatic;
				CURRENT_PROJECT_VERSION = 1;
				GENERATE_INFOPLIST_FILE = YES;
				INFOPLIST_FILE = "iOS (App)/Info.plist";
				INFOPLIST_KEY_CFBundleDisplayName = "eClass confetti";
				INFOPLIST_KEY_UIApplicationSupportsIndirectInputEvents = YES;
				INFOPLIST_KEY_UILaunchStoryboardName = LaunchScreen;
				INFOPLIST_KEY_UIMainStoryboardFile = Main;
				INFOPLIST_KEY_UISupportedInterfaceOrientations = "UIInterfaceOrientationPortrait UIInterfaceOrientationLandscapeLeft UIInterfaceOrientationLandscapeRight";
				INFOPLIST_KEY_UISupportedInterfaceOrientations_iPad = "UIInterfaceOrientationPortrait UIInterfaceOrientationPortraitUpsideDown UIInterfaceOrientationLandscapeLeft UIInterfaceOrientationLandscapeRight";
				IPHONEOS_DEPLOYMENT_TARGET = 15.0;
				LD_RUNPATH_SEARCH_PATHS = (
					"$(inherited)",
					"@executable_path/Frameworks",
				);
				MARKETING_VERSION = 1.0;
				OTHER_LDFLAGS = (
					"-framework",
					SafariServices,
					"-framework",
					WebKit,
				);
				PRODUCT_BUNDLE_IDENTIFIER = "com.yourCompany.eClass-confetti";
				PRODUCT_NAME = "eClass confetti";
				SDKROOT = iphoneos;
				SWIFT_EMIT_LOC_STRINGS = YES;
				SWIFT_VERSION = 5.0;
				TARGETED_DEVICE_FAMILY = "1,2";
			};
			name = Debug;
		};
		B3878C182A8AD22F00EE5EAB /* Release */ = {
			isa = XCBuildConfiguration;
			buildSettings = {
				ALWAYS_EMBED_SWIFT_STANDARD_LIBRARIES = YES;
				ASSETCATALOG_COMPILER_APPICON_NAME = AppIcon;
				ASSETCATALOG_COMPILER_GLOBAL_ACCENT_COLOR_NAME = AccentColor;
				CODE_SIGN_STYLE = Automatic;
				CURRENT_PROJECT_VERSION = 1;
				GENERATE_INFOPLIST_FILE = YES;
				INFOPLIST_FILE = "iOS (App)/Info.plist";
				INFOPLIST_KEY_CFBundleDisplayName = "eClass confetti";
				INFOPLIST_KEY_UIApplicationSupportsIndirectInputEvents = YES;
				INFOPLIST_KEY_UILaunchStoryboardName = LaunchScreen;
				INFOPLIST_KEY_UIMainStoryboardFile = Main;
				INFOPLIST_KEY_UISupportedInterfaceOrientations = "UIInterfaceOrientationPortrait UIInterfaceOrientationLandscapeLeft UIInterfaceOrientationLandscapeRight";
				INFOPLIST_KEY_UISupportedInterfaceOrientations_iPad = "UIInterfaceOrientationPortrait UIInterfaceOrientationPortraitUpsideDown UIInterfaceOrientationLandscapeLeft UIInterfaceOrientationLandscapeRight";
				IPHONEOS_DEPLOYMENT_TARGET = 15.0;
				LD_RUNPATH_SEARCH_PATHS = (
					"$(inherited)",
					"@executable_path/Frameworks",
				);
				MARKETING_VERSION = 1.0;
				OTHER_LDFLAGS = (
					"-framework",
					SafariServices,
					"-framework",
					WebKit,
				);
				PRODUCT_BUNDLE_IDENTIFIER = "com.yourCompany.eClass-confetti";
				PRODUCT_NAME = "eClass confetti";
				SDKROOT = iphoneos;
				SWIFT_EMIT_LOC_STRINGS = YES;
				SWIFT_VERSION = 5.0;
				TARGETED_DEVICE_FAMILY = "1,2";
				VALIDATE_PRODUCT = YES;
			};
			name = Release;
		};
		B3878C1A2A8AD22F00EE5EAB /* Debug */ = {
			isa = XCBuildConfiguration;
			buildSettings = {
				CODE_SIGN_ENTITLEMENTS = "macOS (Extension)/eClass confetti.entitlements";
				CODE_SIGN_STYLE = Automatic;
				CURRENT_PROJECT_VERSION = 1;
				ENABLE_HARDENED_RUNTIME = YES;
				GENERATE_INFOPLIST_FILE = YES;
				INFOPLIST_FILE = "macOS (Extension)/Info.plist";
				INFOPLIST_KEY_CFBundleDisplayName = "eClass confetti Extension";
				INFOPLIST_KEY_NSHumanReadableCopyright = "";
				LD_RUNPATH_SEARCH_PATHS = (
					"$(inherited)",
					"@executable_path/../Frameworks",
					"@executable_path/../../../../Frameworks",
				);
				MACOSX_DEPLOYMENT_TARGET = 10.14;
				MARKETING_VERSION = 1.0;
				OTHER_LDFLAGS = (
					"-framework",
					SafariServices,
				);
				PRODUCT_BUNDLE_IDENTIFIER = "com.yourCompany.eClass-confetti.Extension";
				PRODUCT_NAME = "eClass confetti Extension";
				SDKROOT = macosx;
				SKIP_INSTALL = YES;
				SWIFT_EMIT_LOC_STRINGS = YES;
				SWIFT_VERSION = 5.0;
			};
			name = Debug;
		};
		B3878C1B2A8AD22F00EE5EAB /* Release */ = {
			isa = XCBuildConfiguration;
			buildSettings = {
				CODE_SIGN_ENTITLEMENTS = "macOS (Extension)/eClass confetti.entitlements";
				CODE_SIGN_STYLE = Automatic;
				CURRENT_PROJECT_VERSION = 1;
				ENABLE_HARDENED_RUNTIME = YES;
				GENERATE_INFOPLIST_FILE = YES;
				INFOPLIST_FILE = "macOS (Extension)/Info.plist";
				INFOPLIST_KEY_CFBundleDisplayName = "eClass confetti Extension";
				INFOPLIST_KEY_NSHumanReadableCopyright = "";
				LD_RUNPATH_SEARCH_PATHS = (
					"$(inherited)",
					"@executable_path/../Frameworks",
					"@executable_path/../../../../Frameworks",
				);
				MACOSX_DEPLOYMENT_TARGET = 10.14;
				MARKETING_VERSION = 1.0;
				OTHER_LDFLAGS = (
					"-framework",
					SafariServices,
				);
				PRODUCT_BUNDLE_IDENTIFIER = "com.yourCompany.eClass-confetti.Extension";
				PRODUCT_NAME = "eClass confetti Extension";
				SDKROOT = macosx;
				SKIP_INSTALL = YES;
				SWIFT_EMIT_LOC_STRINGS = YES;
				SWIFT_VERSION = 5.0;
			};
			name = Release;
		};
		B3878C1E2A8AD22F00EE5EAB /* Debug */ = {
			isa = XCBuildConfiguration;
			buildSettings = {
				ALWAYS_EMBED_SWIFT_STANDARD_LIBRARIES = YES;
				ASSETCATALOG_COMPILER_APPICON_NAME = AppIcon;
				ASSETCATALOG_COMPILER_GLOBAL_ACCENT_COLOR_NAME = AccentColor;
				CODE_SIGN_ENTITLEMENTS = "macOS (App)/eClass confetti.entitlements";
				CODE_SIGN_STYLE = Automatic;
				CURRENT_PROJECT_VERSION = 1;
				ENABLE_HARDENED_RUNTIME = YES;
				GENERATE_INFOPLIST_FILE = YES;
				INFOPLIST_FILE = "macOS (App)/Info.plist";
				INFOPLIST_KEY_CFBundleDisplayName = "eClass confetti";
				INFOPLIST_KEY_NSMainStoryboardFile = Main;
				INFOPLIST_KEY_NSPrincipalClass = NSApplication;
				LD_RUNPATH_SEARCH_PATHS = (
					"$(inherited)",
					"@executable_path/../Frameworks",
				);
				MACOSX_DEPLOYMENT_TARGET = 10.14;
				MARKETING_VERSION = 1.0;
				OTHER_LDFLAGS = (
					"-framework",
					SafariServices,
					"-framework",
					WebKit,
				);
				PRODUCT_BUNDLE_IDENTIFIER = "com.yourCompany.eClass-confetti";
				PRODUCT_NAME = "eClass confetti";
				SDKROOT = macosx;
				SWIFT_EMIT_LOC_STRINGS = YES;
				SWIFT_VERSION = 5.0;
			};
			name = Debug;
		};
		B3878C1F2A8AD22F00EE5EAB /* Release */ = {
			isa = XCBuildConfiguration;
			buildSettings = {
				ALWAYS_EMBED_SWIFT_STANDARD_LIBRARIES = YES;
				ASSETCATALOG_COMPILER_APPICON_NAME = AppIcon;
				ASSETCATALOG_COMPILER_GLOBAL_ACCENT_COLOR_NAME = AccentColor;
				CODE_SIGN_ENTITLEMENTS = "macOS (App)/eClass confetti.entitlements";
				CODE_SIGN_STYLE = Automatic;
				CURRENT_PROJECT_VERSION = 1;
				ENABLE_HARDENED_RUNTIME = YES;
				GENERATE_INFOPLIST_FILE = YES;
				INFOPLIST_FILE = "macOS (App)/Info.plist";
				INFOPLIST_KEY_CFBundleDisplayName = "eClass confetti";
				INFOPLIST_KEY_NSMainStoryboardFile = Main;
				INFOPLIST_KEY_NSPrincipalClass = NSApplication;
				LD_RUNPATH_SEARCH_PATHS = (
					"$(inherited)",
					"@executable_path/../Frameworks",
				);
				MACOSX_DEPLOYMENT_TARGET = 10.14;
				MARKETING_VERSION = 1.0;
				OTHER_LDFLAGS = (
					"-framework",
					SafariServices,
					"-framework",
					WebKit,
				);
				PRODUCT_BUNDLE_IDENTIFIER = "com.yourCompany.eClass-confetti";
				PRODUCT_NAME = "eClass confetti";
				SDKROOT = macosx;
				SWIFT_EMIT_LOC_STRINGS = YES;
				SWIFT_VERSION = 5.0;
			};
			name = Release;
		};
/* End XCBuildConfiguration section */

/* Begin XCConfigurationList section */
		B3878BC22A8AD22A00EE5EAB /* Build configuration list for PBXProject "eClass confetti" */ = {
			isa = XCConfigurationList;
			buildConfigurations = (
				B3878C102A8AD22F00EE5EAB /* Debug */,
				B3878C112A8AD22F00EE5EAB /* Release */,
			);
			defaultConfigurationIsVisible = 0;
			defaultConfigurationName = Release;
		};
		B3878C122A8AD22F00EE5EAB /* Build configuration list for PBXNativeTarget "eClass confetti Extension (iOS)" */ = {
			isa = XCConfigurationList;
			buildConfigurations = (
				B3878C132A8AD22F00EE5EAB /* Debug */,
				B3878C142A8AD22F00EE5EAB /* Release */,
			);
			defaultConfigurationIsVisible = 0;
			defaultConfigurationName = Release;
		};
		B3878C162A8AD22F00EE5EAB /* Build configuration list for PBXNativeTarget "eClass confetti (iOS)" */ = {
			isa = XCConfigurationList;
			buildConfigurations = (
				B3878C172A8AD22F00EE5EAB /* Debug */,
				B3878C182A8AD22F00EE5EAB /* Release */,
			);
			defaultConfigurationIsVisible = 0;
			defaultConfigurationName = Release;
		};
		B3878C192A8AD22F00EE5EAB /* Build configuration list for PBXNativeTarget "eClass confetti Extension (macOS)" */ = {
			isa = XCConfigurationList;
			buildConfigurations = (
				B3878C1A2A8AD22F00EE5EAB /* Debug */,
				B3878C1B2A8AD22F00EE5EAB /* Release */,
			);
			defaultConfigurationIsVisible = 0;
			defaultConfigurationName = Release;
		};
		B3878C1D2A8AD22F00EE5EAB /* Build configuration list for PBXNativeTarget "eClass confetti (macOS)" */ = {
			isa = XCConfigurationList;
			buildConfigurations = (
				B3878C1E2A8AD22F00EE5EAB /* Debug */,
				B3878C1F2A8AD22F00EE5EAB /* Release */,
			);
			defaultConfigurationIsVisible = 0;
			defaultConfigurationName = Release;
		};
/* End XCConfigurationList section */
	};
	rootObject = B3878BBF2A8AD22A00EE5EAB /* Project object */;
}
